// !$*UTF8*$!
{
	archiveVersion = 1;
	classes = {
	};
	objectVersion = 52;
	objects = {

/* Begin PBXBuildFile section */
		58B28E8D2577409300092ECA /* PortableBrokerApp.swift in Sources */ = {isa = PBXBuildFile; fileRef = 58B28E8C2577409300092ECA /* PortableBrokerApp.swift */; };
		58B28E8F2577409300092ECA /* ContentView.swift in Sources */ = {isa = PBXBuildFile; fileRef = 58B28E8E2577409300092ECA /* ContentView.swift */; };
		58B28E912577409400092ECA /* Assets.xcassets in Resources */ = {isa = PBXBuildFile; fileRef = 58B28E902577409400092ECA /* Assets.xcassets */; };
		58B28E942577409400092ECA /* Preview Assets.xcassets in Resources */ = {isa = PBXBuildFile; fileRef = 58B28E932577409400092ECA /* Preview Assets.xcassets */; };
		58B28E9F2577409500092ECA /* PortableBrokerTests.swift in Sources */ = {isa = PBXBuildFile; fileRef = 58B28E9E2577409500092ECA /* PortableBrokerTests.swift */; };
		58B28EAA2577409500092ECA /* PortableBrokerUITests.swift in Sources */ = {isa = PBXBuildFile; fileRef = 58B28EA92577409500092ECA /* PortableBrokerUITests.swift */; };
		58B28EBC2577411A00092ECA /* Alamofire in Frameworks */ = {isa = PBXBuildFile; productRef = 58B28EBB2577411A00092ECA /* Alamofire */; };
		58B28EC22577416700092ECA /* Utilities.swift in Sources */ = {isa = PBXBuildFile; fileRef = 58B28EC12577416700092ECA /* Utilities.swift */; };
		58B28ECB257741D500092ECA /* SwiftyJSON in Frameworks */ = {isa = PBXBuildFile; productRef = 58B28ECA257741D500092ECA /* SwiftyJSON */; };
		58B28ED12577424700092ECA /* KingfisherSwiftUI in Frameworks */ = {isa = PBXBuildFile; productRef = 58B28ED02577424700092ECA /* KingfisherSwiftUI */; };
		58B28ED32577424700092ECA /* Kingfisher in Frameworks */ = {isa = PBXBuildFile; productRef = 58B28ED22577424700092ECA /* Kingfisher */; };
		58B28EE0257742B900092ECA /* ButtonView.swift in Sources */ = {isa = PBXBuildFile; fileRef = 58B28EDF257742B900092ECA /* ButtonView.swift */; };
		58B28EE5257742F800092ECA /* Toast.swift in Sources */ = {isa = PBXBuildFile; fileRef = 58B28EE4257742F800092ECA /* Toast.swift */; };
		58B28EEA2577432E00092ECA /* CongratsDoneButton.swift in Sources */ = {isa = PBXBuildFile; fileRef = 58B28EE92577432E00092ECA /* CongratsDoneButton.swift */; };
		58B28EEF2577435500092ECA /* ResetButtonView.swift in Sources */ = {isa = PBXBuildFile; fileRef = 58B28EEE2577435500092ECA /* ResetButtonView.swift */; };
		58B28EF4257743B500092ECA /* changHighChart.html in Resources */ = {isa = PBXBuildFile; fileRef = 58B28EF3257743B500092ECA /* changHighChart.html */; };
		58B28EF9257743DC00092ECA /* DetailView.swift in Sources */ = {isa = PBXBuildFile; fileRef = 58B28EF8257743DC00092ECA /* DetailView.swift */; };
		58B28EFE2577441000092ECA /* NewsView.swift in Sources */ = {isa = PBXBuildFile; fileRef = 58B28EFD2577441000092ECA /* NewsView.swift */; };
		58B28F07257744CA00092ECA /* ViewControllerResolver.swift in Sources */ = {isa = PBXBuildFile; fileRef = 58B28F06257744CA00092ECA /* ViewControllerResolver.swift */; };
		58B28F0F257744E000092ECA /* SearchBar.swift in Sources */ = {isa = PBXBuildFile; fileRef = 58B28F0E257744E000092ECA /* SearchBar.swift */; };
/* End PBXBuildFile section */

/* Begin PBXContainerItemProxy section */
		58B28E9B2577409500092ECA /* PBXContainerItemProxy */ = {
			isa = PBXContainerItemProxy;
			containerPortal = 58B28E812577409300092ECA /* Project object */;
			proxyType = 1;
			remoteGlobalIDString = 58B28E882577409300092ECA;
			remoteInfo = PortableBroker;
		};
		58B28EA62577409500092ECA /* PBXContainerItemProxy */ = {
			isa = PBXContainerItemProxy;
			containerPortal = 58B28E812577409300092ECA /* Project object */;
			proxyType = 1;
			remoteGlobalIDString = 58B28E882577409300092ECA;
			remoteInfo = PortableBroker;
		};
/* End PBXContainerItemProxy section */

/* Begin PBXFileReference section */
		58B28E892577409300092ECA /* PortableBroker.app */ = {isa = PBXFileReference; explicitFileType = wrapper.application; includeInIndex = 0; path = PortableBroker.app; sourceTree = BUILT_PRODUCTS_DIR; };
		58B28E8C2577409300092ECA /* PortableBrokerApp.swift */ = {isa = PBXFileReference; lastKnownFileType = sourcecode.swift; path = PortableBrokerApp.swift; sourceTree = "<group>"; };
		58B28E8E2577409300092ECA /* ContentView.swift */ = {isa = PBXFileReference; lastKnownFileType = sourcecode.swift; path = ContentView.swift; sourceTree = "<group>"; };
		58B28E902577409400092ECA /* Assets.xcassets */ = {isa = PBXFileReference; lastKnownFileType = folder.assetcatalog; path = Assets.xcassets; sourceTree = "<group>"; };
		58B28E932577409400092ECA /* Preview Assets.xcassets */ = {isa = PBXFileReference; lastKnownFileType = folder.assetcatalog; path = "Preview Assets.xcassets"; sourceTree = "<group>"; };
		58B28E952577409400092ECA /* Info.plist */ = {isa = PBXFileReference; lastKnownFileType = text.plist.xml; path = Info.plist; sourceTree = "<group>"; };
		58B28E9A2577409500092ECA /* PortableBrokerTests.xctest */ = {isa = PBXFileReference; explicitFileType = wrapper.cfbundle; includeInIndex = 0; path = PortableBrokerTests.xctest; sourceTree = BUILT_PRODUCTS_DIR; };
		58B28E9E2577409500092ECA /* PortableBrokerTests.swift */ = {isa = PBXFileReference; lastKnownFileType = sourcecode.swift; path = PortableBrokerTests.swift; sourceTree = "<group>"; };
		58B28EA02577409500092ECA /* Info.plist */ = {isa = PBXFileReference; lastKnownFileType = text.plist.xml; path = Info.plist; sourceTree = "<group>"; };
		58B28EA52577409500092ECA /* PortableBrokerUITests.xctest */ = {isa = PBXFileReference; explicitFileType = wrapper.cfbundle; includeInIndex = 0; path = PortableBrokerUITests.xctest; sourceTree = BUILT_PRODUCTS_DIR; };
		58B28EA92577409500092ECA /* PortableBrokerUITests.swift */ = {isa = PBXFileReference; lastKnownFileType = sourcecode.swift; path = PortableBrokerUITests.swift; sourceTree = "<group>"; };
		58B28EAB2577409500092ECA /* Info.plist */ = {isa = PBXFileReference; lastKnownFileType = text.plist.xml; path = Info.plist; sourceTree = "<group>"; };
		58B28EC12577416700092ECA /* Utilities.swift */ = {isa = PBXFileReference; lastKnownFileType = sourcecode.swift; path = Utilities.swift; sourceTree = "<group>"; };
		58B28EDF257742B900092ECA /* ButtonView.swift */ = {isa = PBXFileReference; lastKnownFileType = sourcecode.swift; path = ButtonView.swift; sourceTree = "<group>"; };
		58B28EE4257742F800092ECA /* Toast.swift */ = {isa = PBXFileReference; lastKnownFileType = sourcecode.swift; path = Toast.swift; sourceTree = "<group>"; };
		58B28EE92577432E00092ECA /* CongratsDoneButton.swift */ = {isa = PBXFileReference; lastKnownFileType = sourcecode.swift; path = CongratsDoneButton.swift; sourceTree = "<group>"; };
		58B28EEE2577435500092ECA /* ResetButtonView.swift */ = {isa = PBXFileReference; lastKnownFileType = sourcecode.swift; path = ResetButtonView.swift; sourceTree = "<group>"; };
		58B28EF3257743B500092ECA /* changHighChart.html */ = {isa = PBXFileReference; lastKnownFileType = text.html; path = changHighChart.html; sourceTree = "<group>"; };
		58B28EF8257743DC00092ECA /* DetailView.swift */ = {isa = PBXFileReference; lastKnownFileType = sourcecode.swift; path = DetailView.swift; sourceTree = "<group>"; };
		58B28EFD2577441000092ECA /* NewsView.swift */ = {isa = PBXFileReference; lastKnownFileType = sourcecode.swift; path = NewsView.swift; sourceTree = "<group>"; };
		58B28F06257744CA00092ECA /* ViewControllerResolver.swift */ = {isa = PBXFileReference; lastKnownFileType = sourcecode.swift; path = ViewControllerResolver.swift; sourceTree = "<group>"; };
		58B28F0E257744E000092ECA /* SearchBar.swift */ = {isa = PBXFileReference; lastKnownFileType = sourcecode.swift; path = SearchBar.swift; sourceTree = "<group>"; };
/* End PBXFileReference section */

/* Begin PBXFrameworksBuildPhase section */
		58B28E862577409300092ECA /* Frameworks */ = {
			isa = PBXFrameworksBuildPhase;
			buildActionMask = 2147483647;
			files = (
				58B28ED32577424700092ECA /* Kingfisher in Frameworks */,
				58B28ED12577424700092ECA /* KingfisherSwiftUI in Frameworks */,
				58B28ECB257741D500092ECA /* SwiftyJSON in Frameworks */,
				58B28EBC2577411A00092ECA /* Alamofire in Frameworks */,
			);
			runOnlyForDeploymentPostprocessing = 0;
		};
		58B28E972577409500092ECA /* Frameworks */ = {
			isa = PBXFrameworksBuildPhase;
			buildActionMask = 2147483647;
			files = (
			);
			runOnlyForDeploymentPostprocessing = 0;
		};
		58B28EA22577409500092ECA /* Frameworks */ = {
			isa = PBXFrameworksBuildPhase;
			buildActionMask = 2147483647;
			files = (
			);
			runOnlyForDeploymentPostprocessing = 0;
		};
/* End PBXFrameworksBuildPhase section */

/* Begin PBXGroup section */
		58B28E802577409300092ECA = {
			isa = PBXGroup;
			children = (
				58B28EF3257743B500092ECA /* changHighChart.html */,
				58B28E8B2577409300092ECA /* PortableBroker */,
				58B28E9D2577409500092ECA /* PortableBrokerTests */,
				58B28EA82577409500092ECA /* PortableBrokerUITests */,
				58B28E8A2577409300092ECA /* Products */,
			);
			sourceTree = "<group>";
		};
		58B28E8A2577409300092ECA /* Products */ = {
			isa = PBXGroup;
			children = (
				58B28E892577409300092ECA /* PortableBroker.app */,
				58B28E9A2577409500092ECA /* PortableBrokerTests.xctest */,
				58B28EA52577409500092ECA /* PortableBrokerUITests.xctest */,
			);
			name = Products;
			sourceTree = "<group>";
		};
		58B28E8B2577409300092ECA /* PortableBroker */ = {
			isa = PBXGroup;
			children = (
				58B28F05257744B000092ECA /* SearchBar */,
				58B28EC02577414400092ECA /* Model */,
				58B28E8C2577409300092ECA /* PortableBrokerApp.swift */,
				58B28E8E2577409300092ECA /* ContentView.swift */,
				58B28EF8257743DC00092ECA /* DetailView.swift */,
				58B28EE92577432E00092ECA /* CongratsDoneButton.swift */,
				58B28EFD2577441000092ECA /* NewsView.swift */,
				58B28EEE2577435500092ECA /* ResetButtonView.swift */,
				58B28E902577409400092ECA /* Assets.xcassets */,
				58B28E952577409400092ECA /* Info.plist */,
				58B28E922577409400092ECA /* Preview Content */,
			);
			path = PortableBroker;
			sourceTree = "<group>";
		};
		58B28E922577409400092ECA /* Preview Content */ = {
			isa = PBXGroup;
			children = (
				58B28E932577409400092ECA /* Preview Assets.xcassets */,
			);
			path = "Preview Content";
			sourceTree = "<group>";
		};
		58B28E9D2577409500092ECA /* PortableBrokerTests */ = {
			isa = PBXGroup;
			children = (
				58B28E9E2577409500092ECA /* PortableBrokerTests.swift */,
				58B28EA02577409500092ECA /* Info.plist */,
			);
			path = PortableBrokerTests;
			sourceTree = "<group>";
		};
		58B28EA82577409500092ECA /* PortableBrokerUITests */ = {
			isa = PBXGroup;
			children = (
				58B28EA92577409500092ECA /* PortableBrokerUITests.swift */,
				58B28EAB2577409500092ECA /* Info.plist */,
			);
			path = PortableBrokerUITests;
			sourceTree = "<group>";
		};
		58B28EC02577414400092ECA /* Model */ = {
			isa = PBXGroup;
			children = (
				58B28EC12577416700092ECA /* Utilities.swift */,
				58B28EDF257742B900092ECA /* ButtonView.swift */,
				58B28EE4257742F800092ECA /* Toast.swift */,
			);
			path = Model;
			sourceTree = "<group>";
		};
		58B28F05257744B000092ECA /* SearchBar */ = {
			isa = PBXGroup;
			children = (
				58B28F06257744CA00092ECA /* ViewControllerResolver.swift */,
				58B28F0E257744E000092ECA /* SearchBar.swift */,
			);
			path = SearchBar;
			sourceTree = "<group>";
		};
/* End PBXGroup section */

/* Begin PBXNativeTarget section */
		58B28E882577409300092ECA /* PortableBroker */ = {
			isa = PBXNativeTarget;
			buildConfigurationList = 58B28EAE2577409500092ECA /* Build configuration list for PBXNativeTarget "PortableBroker" */;
			buildPhases = (
				58B28E852577409300092ECA /* Sources */,
				58B28E862577409300092ECA /* Frameworks */,
				58B28E872577409300092ECA /* Resources */,
			);
			buildRules = (
			);
			dependencies = (
			);
			name = PortableBroker;
			packageProductDependencies = (
				58B28EBB2577411A00092ECA /* Alamofire */,
				58B28ECA257741D500092ECA /* SwiftyJSON */,
				58B28ED02577424700092ECA /* KingfisherSwiftUI */,
				58B28ED22577424700092ECA /* Kingfisher */,
			);
			productName = PortableBroker;
			productReference = 58B28E892577409300092ECA /* PortableBroker.app */;
			productType = "com.apple.product-type.application";
		};
		58B28E992577409500092ECA /* PortableBrokerTests */ = {
			isa = PBXNativeTarget;
			buildConfigurationList = 58B28EB12577409500092ECA /* Build configuration list for PBXNativeTarget "PortableBrokerTests" */;
			buildPhases = (
				58B28E962577409500092ECA /* Sources */,
				58B28E972577409500092ECA /* Frameworks */,
				58B28E982577409500092ECA /* Resources */,
			);
			buildRules = (
			);
			dependencies = (
				58B28E9C2577409500092ECA /* PBXTargetDependency */,
			);
			name = PortableBrokerTests;
			productName = PortableBrokerTests;
			productReference = 58B28E9A2577409500092ECA /* PortableBrokerTests.xctest */;
			productType = "com.apple.product-type.bundle.unit-test";
		};
		58B28EA42577409500092ECA /* PortableBrokerUITests */ = {
			isa = PBXNativeTarget;
			buildConfigurationList = 58B28EB42577409500092ECA /* Build configuration list for PBXNativeTarget "PortableBrokerUITests" */;
			buildPhases = (
				58B28EA12577409500092ECA /* Sources */,
				58B28EA22577409500092ECA /* Frameworks */,
				58B28EA32577409500092ECA /* Resources */,
			);
			buildRules = (
			);
			dependencies = (
				58B28EA72577409500092ECA /* PBXTargetDependency */,
			);
			name = PortableBrokerUITests;
			productName = PortableBrokerUITests;
			productReference = 58B28EA52577409500092ECA /* PortableBrokerUITests.xctest */;
			productType = "com.apple.product-type.bundle.ui-testing";
		};
/* End PBXNativeTarget section */

/* Begin PBXProject section */
		58B28E812577409300092ECA /* Project object */ = {
			isa = PBXProject;
			attributes = {
				LastSwiftUpdateCheck = 1220;
				LastUpgradeCheck = 1220;
				TargetAttributes = {
					58B28E882577409300092ECA = {
						CreatedOnToolsVersion = 12.2;
					};
					58B28E992577409500092ECA = {
						CreatedOnToolsVersion = 12.2;
						TestTargetID = 58B28E882577409300092ECA;
					};
					58B28EA42577409500092ECA = {
						CreatedOnToolsVersion = 12.2;
						TestTargetID = 58B28E882577409300092ECA;
					};
				};
			};
			buildConfigurationList = 58B28E842577409300092ECA /* Build configuration list for PBXProject "PortableBroker" */;
			compatibilityVersion = "Xcode 9.3";
			developmentRegion = en;
			hasScannedForEncodings = 0;
			knownRegions = (
				en,
				Base,
			);
			mainGroup = 58B28E802577409300092ECA;
			packageReferences = (
				58B28EBA2577411A00092ECA /* XCRemoteSwiftPackageReference "Alamofire" */,
				58B28EC9257741D500092ECA /* XCRemoteSwiftPackageReference "SwiftyJSON" */,
				58B28ECF2577424700092ECA /* XCRemoteSwiftPackageReference "Kingfisher" */,
			);
			productRefGroup = 58B28E8A2577409300092ECA /* Products */;
			projectDirPath = "";
			projectRoot = "";
			targets = (
				58B28E882577409300092ECA /* PortableBroker */,
				58B28E992577409500092ECA /* PortableBrokerTests */,
				58B28EA42577409500092ECA /* PortableBrokerUITests */,
			);
		};
/* End PBXProject section */

/* Begin PBXResourcesBuildPhase section */
		58B28E872577409300092ECA /* Resources */ = {
			isa = PBXResourcesBuildPhase;
			buildActionMask = 2147483647;
			files = (
				58B28EF4257743B500092ECA /* changHighChart.html in Resources */,
				58B28E942577409400092ECA /* Preview Assets.xcassets in Resources */,
				58B28E912577409400092ECA /* Assets.xcassets in Resources */,
			);
			runOnlyForDeploymentPostprocessing = 0;
		};
		58B28E982577409500092ECA /* Resources */ = {
			isa = PBXResourcesBuildPhase;
			buildActionMask = 2147483647;
			files = (
			);
			runOnlyForDeploymentPostprocessing = 0;
		};
		58B28EA32577409500092ECA /* Resources */ = {
			isa = PBXResourcesBuildPhase;
			buildActionMask = 2147483647;
			files = (
			);
			runOnlyForDeploymentPostprocessing = 0;
		};
/* End PBXResourcesBuildPhase section */

/* Begin PBXSourcesBuildPhase section */
		58B28E852577409300092ECA /* Sources */ = {
			isa = PBXSourcesBuildPhase;
			buildActionMask = 2147483647;
			files = (
				58B28EC22577416700092ECA /* Utilities.swift in Sources */,
				58B28EF9257743DC00092ECA /* DetailView.swift in Sources */,
				58B28E8F2577409300092ECA /* ContentView.swift in Sources */,
				58B28EFE2577441000092ECA /* NewsView.swift in Sources */,
				58B28EEA2577432E00092ECA /* CongratsDoneButton.swift in Sources */,
				58B28EE5257742F800092ECA /* Toast.swift in Sources */,
				58B28F07257744CA00092ECA /* ViewControllerResolver.swift in Sources */,
				58B28EE0257742B900092ECA /* ButtonView.swift in Sources */,
				58B28EEF2577435500092ECA /* ResetButtonView.swift in Sources */,
				58B28F0F257744E000092ECA /* SearchBar.swift in Sources */,
				58B28E8D2577409300092ECA /* PortableBrokerApp.swift in Sources */,
			);
			runOnlyForDeploymentPostprocessing = 0;
		};
		58B28E962577409500092ECA /* Sources */ = {
			isa = PBXSourcesBuildPhase;
			buildActionMask = 2147483647;
			files = (
				58B28E9F2577409500092ECA /* PortableBrokerTests.swift in Sources */,
			);
			runOnlyForDeploymentPostprocessing = 0;
		};
		58B28EA12577409500092ECA /* Sources */ = {
			isa = PBXSourcesBuildPhase;
			buildActionMask = 2147483647;
			files = (
				58B28EAA2577409500092ECA /* PortableBrokerUITests.swift in Sources */,
			);
			runOnlyForDeploymentPostprocessing = 0;
		};
/* End PBXSourcesBuildPhase section */

/* Begin PBXTargetDependency section */
		58B28E9C2577409500092ECA /* PBXTargetDependency */ = {
			isa = PBXTargetDependency;
			target = 58B28E882577409300092ECA /* PortableBroker */;
			targetProxy = 58B28E9B2577409500092ECA /* PBXContainerItemProxy */;
		};
		58B28EA72577409500092ECA /* PBXTargetDependency */ = {
			isa = PBXTargetDependency;
			target = 58B28E882577409300092ECA /* PortableBroker */;
			targetProxy = 58B28EA62577409500092ECA /* PBXContainerItemProxy */;
		};
/* End PBXTargetDependency section */

/* Begin XCBuildConfiguration section */
		58B28EAC2577409500092ECA /* Debug */ = {
			isa = XCBuildConfiguration;
			buildSettings = {
				ALWAYS_SEARCH_USER_PATHS = NO;
				CLANG_ANALYZER_NONNULL = YES;
				CLANG_ANALYZER_NUMBER_OBJECT_CONVERSION = YES_AGGRESSIVE;
				CLANG_CXX_LANGUAGE_STANDARD = "gnu++14";
				CLANG_CXX_LIBRARY = "libc++";
				CLANG_ENABLE_MODULES = YES;
				CLANG_ENABLE_OBJC_ARC = YES;
				CLANG_ENABLE_OBJC_WEAK = YES;
				CLANG_WARN_BLOCK_CAPTURE_AUTORELEASING = YES;
				CLANG_WARN_BOOL_CONVERSION = YES;
				CLANG_WARN_COMMA = YES;
				CLANG_WARN_CONSTANT_CONVERSION = YES;
				CLANG_WARN_DEPRECATED_OBJC_IMPLEMENTATIONS = YES;
				CLANG_WARN_DIRECT_OBJC_ISA_USAGE = YES_ERROR;
				CLANG_WARN_DOCUMENTATION_COMMENTS = YES;
				CLANG_WARN_EMPTY_BODY = YES;
				CLANG_WARN_ENUM_CONVERSION = YES;
				CLANG_WARN_INFINITE_RECURSION = YES;
				CLANG_WARN_INT_CONVERSION = YES;
				CLANG_WARN_NON_LITERAL_NULL_CONVERSION = YES;
				CLANG_WARN_OBJC_IMPLICIT_RETAIN_SELF = YES;
				CLANG_WARN_OBJC_LITERAL_CONVERSION = YES;
				CLANG_WARN_OBJC_ROOT_CLASS = YES_ERROR;
				CLANG_WARN_QUOTED_INCLUDE_IN_FRAMEWORK_HEADER = YES;
				CLANG_WARN_RANGE_LOOP_ANALYSIS = YES;
				CLANG_WARN_STRICT_PROTOTYPES = YES;
				CLANG_WARN_SUSPICIOUS_MOVE = YES;
				CLANG_WARN_UNGUARDED_AVAILABILITY = YES_AGGRESSIVE;
				CLANG_WARN_UNREACHABLE_CODE = YES;
				CLANG_WARN__DUPLICATE_METHOD_MATCH = YES;
				COPY_PHASE_STRIP = NO;
				DEBUG_INFORMATION_FORMAT = dwarf;
				ENABLE_STRICT_OBJC_MSGSEND = YES;
				ENABLE_TESTABILITY = YES;
				GCC_C_LANGUAGE_STANDARD = gnu11;
				GCC_DYNAMIC_NO_PIC = NO;
				GCC_NO_COMMON_BLOCKS = YES;
				GCC_OPTIMIZATION_LEVEL = 0;
				GCC_PREPROCESSOR_DEFINITIONS = (
					"DEBUG=1",
					"$(inherited)",
				);
				GCC_WARN_64_TO_32_BIT_CONVERSION = YES;
				GCC_WARN_ABOUT_RETURN_TYPE = YES_ERROR;
				GCC_WARN_UNDECLARED_SELECTOR = YES;
				GCC_WARN_UNINITIALIZED_AUTOS = YES_AGGRESSIVE;
				GCC_WARN_UNUSED_FUNCTION = YES;
				GCC_WARN_UNUSED_VARIABLE = YES;
				IPHONEOS_DEPLOYMENT_TARGET = 14.2;
				MTL_ENABLE_DEBUG_INFO = INCLUDE_SOURCE;
				MTL_FAST_MATH = YES;
				ONLY_ACTIVE_ARCH = YES;
				SDKROOT = iphoneos;
				SWIFT_ACTIVE_COMPILATION_CONDITIONS = DEBUG;
				SWIFT_OPTIMIZATION_LEVEL = "-Onone";
			};
			name = Debug;
		};
		58B28EAD2577409500092ECA /* Release */ = {
			isa = XCBuildConfiguration;
			buildSettings = {
				ALWAYS_SEARCH_USER_PATHS = NO;
				CLANG_ANALYZER_NONNULL = YES;
				CLANG_ANALYZER_NUMBER_OBJECT_CONVERSION = YES_AGGRESSIVE;
				CLANG_CXX_LANGUAGE_STANDARD = "gnu++14";
				CLANG_CXX_LIBRARY = "libc++";
				CLANG_ENABLE_MODULES = YES;
				CLANG_ENABLE_OBJC_ARC = YES;
				CLANG_ENABLE_OBJC_WEAK = YES;
				CLANG_WARN_BLOCK_CAPTURE_AUTORELEASING = YES;
				CLANG_WARN_BOOL_CONVERSION = YES;
				CLANG_WARN_COMMA = YES;
				CLANG_WARN_CONSTANT_CONVERSION = YES;
				CLANG_WARN_DEPRECATED_OBJC_IMPLEMENTATIONS = YES;
				CLANG_WARN_DIRECT_OBJC_ISA_USAGE = YES_ERROR;
				CLANG_WARN_DOCUMENTATION_COMMENTS = YES;
				CLANG_WARN_EMPTY_BODY = YES;
				CLANG_WARN_ENUM_CONVERSION = YES;
				CLANG_WARN_INFINITE_RECURSION = YES;
				CLANG_WARN_INT_CONVERSION = YES;
				CLANG_WARN_NON_LITERAL_NULL_CONVERSION = YES;
				CLANG_WARN_OBJC_IMPLICIT_RETAIN_SELF = YES;
				CLANG_WARN_OBJC_LITERAL_CONVERSION = YES;
				CLANG_WARN_OBJC_ROOT_CLASS = YES_ERROR;
				CLANG_WARN_QUOTED_INCLUDE_IN_FRAMEWORK_HEADER = YES;
				CLANG_WARN_RANGE_LOOP_ANALYSIS = YES;
				CLANG_WARN_STRICT_PROTOTYPES = YES;
				CLANG_WARN_SUSPICIOUS_MOVE = YES;
				CLANG_WARN_UNGUARDED_AVAILABILITY = YES_AGGRESSIVE;
				CLANG_WARN_UNREACHABLE_CODE = YES;
				CLANG_WARN__DUPLICATE_METHOD_MATCH = YES;
				COPY_PHASE_STRIP = NO;
				DEBUG_INFORMATION_FORMAT = "dwarf-with-dsym";
				ENABLE_NS_ASSERTIONS = NO;
				ENABLE_STRICT_OBJC_MSGSEND = YES;
				GCC_C_LANGUAGE_STANDARD = gnu11;
				GCC_NO_COMMON_BLOCKS = YES;
				GCC_WARN_64_TO_32_BIT_CONVERSION = YES;
				GCC_WARN_ABOUT_RETURN_TYPE = YES_ERROR;
				GCC_WARN_UNDECLARED_SELECTOR = YES;
				GCC_WARN_UNINITIALIZED_AUTOS = YES_AGGRESSIVE;
				GCC_WARN_UNUSED_FUNCTION = YES;
				GCC_WARN_UNUSED_VARIABLE = YES;
				IPHONEOS_DEPLOYMENT_TARGET = 14.2;
				MTL_ENABLE_DEBUG_INFO = NO;
				MTL_FAST_MATH = YES;
				SDKROOT = iphoneos;
				SWIFT_COMPILATION_MODE = wholemodule;
				SWIFT_OPTIMIZATION_LEVEL = "-O";
				VALIDATE_PRODUCT = YES;
			};
			name = Release;
		};
		58B28EAF2577409500092ECA /* Debug */ = {
			isa = XCBuildConfiguration;
			buildSettings = {
				ASSETCATALOG_COMPILER_APPICON_NAME = AppIcon;
				ASSETCATALOG_COMPILER_GLOBAL_ACCENT_COLOR_NAME = AccentColor;
				CODE_SIGN_STYLE = Automatic;
				DEVELOPMENT_ASSET_PATHS = "\"PortableBroker/Preview Content\"";
				DEVELOPMENT_TEAM = 5WQ9Y6GM2P;
				ENABLE_PREVIEWS = YES;
				INFOPLIST_FILE = PortableBroker/Info.plist;
				IPHONEOS_DEPLOYMENT_TARGET = 14.0;
				LD_RUNPATH_SEARCH_PATHS = (
					"$(inherited)",
					"@executable_path/Frameworks",
				);
				PRODUCT_BUNDLE_IDENTIFIER = dangdang.PortableBroker;
				PRODUCT_NAME = "$(TARGET_NAME)";
				SWIFT_VERSION = 5.0;
				TARGETED_DEVICE_FAMILY = "1,2";
			};
			name = Debug;
		};
		58B28EB02577409500092ECA /* Release */ = {
			isa = XCBuildConfiguration;
			buildSettings = {
				ASSETCATALOG_COMPILER_APPICON_NAME = AppIcon;
				ASSETCATALOG_COMPILER_GLOBAL_ACCENT_COLOR_NAME = AccentColor;
				CODE_SIGN_STYLE = Automatic;
				DEVELOPMENT_ASSET_PATHS = "\"PortableBroker/Preview Content\"";
				DEVELOPMENT_TEAM = 5WQ9Y6GM2P;
				ENABLE_PREVIEWS = YES;
				INFOPLIST_FILE = PortableBroker/Info.plist;
				IPHONEOS_DEPLOYMENT_TARGET = 14.0;
				LD_RUNPATH_SEARCH_PATHS = (
					"$(inherited)",
					"@executable_path/Frameworks",
				);
				PRODUCT_BUNDLE_IDENTIFIER = dangdang.PortableBroker;
				PRODUCT_NAME = "$(TARGET_NAME)";
				SWIFT_VERSION = 5.0;
				TARGETED_DEVICE_FAMILY = "1,2";
			};
			name = Release;
		};
		58B28EB22577409500092ECA /* Debug */ = {
			isa = XCBuildConfiguration;
			buildSettings = {
				ALWAYS_EMBED_SWIFT_STANDARD_LIBRARIES = YES;
				BUNDLE_LOADER = "$(TEST_HOST)";
				CODE_SIGN_STYLE = Automatic;
				DEVELOPMENT_TEAM = 5WQ9Y6GM2P;
				INFOPLIST_FILE = PortableBrokerTests/Info.plist;
				IPHONEOS_DEPLOYMENT_TARGET = 14.0;
				LD_RUNPATH_SEARCH_PATHS = (
					"$(inherited)",
					"@executable_path/Frameworks",
					"@loader_path/Frameworks",
				);
				PRODUCT_BUNDLE_IDENTIFIER = dangdang.PortableBrokerTests;
				PRODUCT_NAME = "$(TARGET_NAME)";
				SWIFT_VERSION = 5.0;
				TARGETED_DEVICE_FAMILY = "1,2";
				TEST_HOST = "$(BUILT_PRODUCTS_DIR)/PortableBroker.app/PortableBroker";
			};
			name = Debug;
		};
		58B28EB32577409500092ECA /* Release */ = {
			isa = XCBuildConfiguration;
			buildSettings = {
				ALWAYS_EMBED_SWIFT_STANDARD_LIBRARIES = YES;
				BUNDLE_LOADER = "$(TEST_HOST)";
				CODE_SIGN_STYLE = Automatic;
				DEVELOPMENT_TEAM = 5WQ9Y6GM2P;
				INFOPLIST_FILE = PortableBrokerTests/Info.plist;
				IPHONEOS_DEPLOYMENT_TARGET = 14.0;
				LD_RUNPATH_SEARCH_PATHS = (
					"$(inherited)",
					"@executable_path/Frameworks",
					"@loader_path/Frameworks",
				);
				PRODUCT_BUNDLE_IDENTIFIER = dangdang.PortableBrokerTests;
				PRODUCT_NAME = "$(TARGET_NAME)";
				SWIFT_VERSION = 5.0;
				TARGETED_DEVICE_FAMILY = "1,2";
				TEST_HOST = "$(BUILT_PRODUCTS_DIR)/PortableBroker.app/PortableBroker";
			};
			name = Release;
		};
		58B28EB52577409500092ECA /* Debug */ = {
			isa = XCBuildConfiguration;
			buildSettings = {
				ALWAYS_EMBED_SWIFT_STANDARD_LIBRARIES = YES;
				CODE_SIGN_STYLE = Automatic;
				DEVELOPMENT_TEAM = 5WQ9Y6GM2P;
				INFOPLIST_FILE = PortableBrokerUITests/Info.plist;
				LD_RUNPATH_SEARCH_PATHS = (
					"$(inherited)",
					"@executable_path/Frameworks",
					"@loader_path/Frameworks",
				);
				PRODUCT_BUNDLE_IDENTIFIER = dangdang.PortableBrokerUITests;
				PRODUCT_NAME = "$(TARGET_NAME)";
				SWIFT_VERSION = 5.0;
				TARGETED_DEVICE_FAMILY = "1,2";
				TEST_TARGET_NAME = PortableBroker;
			};
			name = Debug;
		};
		58B28EB62577409500092ECA /* Release */ = {
			isa = XCBuildConfiguration;
			buildSettings = {
				ALWAYS_EMBED_SWIFT_STANDARD_LIBRARIES = YES;
				CODE_SIGN_STYLE = Automatic;
				DEVELOPMENT_TEAM = 5WQ9Y6GM2P;
				INFOPLIST_FILE = PortableBrokerUITests/Info.plist;
				LD_RUNPATH_SEARCH_PATHS = (
					"$(inherited)",
					"@executable_path/Frameworks",
					"@loader_path/Frameworks",
				);
				PRODUCT_BUNDLE_IDENTIFIER = dangdang.PortableBrokerUITests;
				PRODUCT_NAME = "$(TARGET_NAME)";
				SWIFT_VERSION = 5.0;
				TARGETED_DEVICE_FAMILY = "1,2";
				TEST_TARGET_NAME = PortableBroker;
			};
			name = Release;
		};
/* End XCBuildConfiguration section */

/* Begin XCConfigurationList section */
		58B28E842577409300092ECA /* Build configuration list for PBXProject "PortableBroker" */ = {
			isa = XCConfigurationList;
			buildConfigurations = (
				58B28EAC2577409500092ECA /* Debug */,
				58B28EAD2577409500092ECA /* Release */,
			);
			defaultConfigurationIsVisible = 0;
			defaultConfigurationName = Release;
		};
		58B28EAE2577409500092ECA /* Build configuration list for PBXNativeTarget "PortableBroker" */ = {
			isa = XCConfigurationList;
			buildConfigurations = (
				58B28EAF2577409500092ECA /* Debug */,
				58B28EB02577409500092ECA /* Release */,
			);
			defaultConfigurationIsVisible = 0;
			defaultConfigurationName = Release;
		};
		58B28EB12577409500092ECA /* Build configuration list for PBXNativeTarget "PortableBrokerTests" */ = {
			isa = XCConfigurationList;
			buildConfigurations = (
				58B28EB22577409500092ECA /* Debug */,
				58B28EB32577409500092ECA /* Release */,
			);
			defaultConfigurationIsVisible = 0;
			defaultConfigurationName = Release;
		};
		58B28EB42577409500092ECA /* Build configuration list for PBXNativeTarget "PortableBrokerUITests" */ = {
			isa = XCConfigurationList;
			buildConfigurations = (
				58B28EB52577409500092ECA /* Debug */,
				58B28EB62577409500092ECA /* Release */,
			);
			defaultConfigurationIsVisible = 0;
			defaultConfigurationName = Release;
		};
/* End XCConfigurationList section */

/* Begin XCRemoteSwiftPackageReference section */
		58B28EBA2577411A00092ECA /* XCRemoteSwiftPackageReference "Alamofire" */ = {
			isa = XCRemoteSwiftPackageReference;
			repositoryURL = "https://github.com/Alamofire/Alamofire.git";
			requirement = {
				kind = upToNextMajorVersion;
				minimumVersion = 5.2.0;
			};
		};
		58B28EC9257741D500092ECA /* XCRemoteSwiftPackageReference "SwiftyJSON" */ = {
			isa = XCRemoteSwiftPackageReference;
			repositoryURL = "https://github.com/SwiftyJSON/SwiftyJSON";
			requirement = {
				kind = upToNextMajorVersion;
				minimumVersion = 5.0.0;
			};
		};
		58B28ECF2577424700092ECA /* XCRemoteSwiftPackageReference "Kingfisher" */ = {
			isa = XCRemoteSwiftPackageReference;
			repositoryURL = "https://github.com/onevcat/Kingfisher.git";
			requirement = {
				kind = upToNextMajorVersion;
				minimumVersion = 5.15.8;
			};
		};
/* End XCRemoteSwiftPackageReference section */

/* Begin XCSwiftPackageProductDependency section */
		58B28EBB2577411A00092ECA /* Alamofire */ = {
			isa = XCSwiftPackageProductDependency;
			package = 58B28EBA2577411A00092ECA /* XCRemoteSwiftPackageReference "Alamofire" */;
			productName = Alamofire;
		};
		58B28ECA257741D500092ECA /* SwiftyJSON */ = {
			isa = XCSwiftPackageProductDependency;
			package = 58B28EC9257741D500092ECA /* XCRemoteSwiftPackageReference "SwiftyJSON" */;
			productName = SwiftyJSON;
		};
		58B28ED02577424700092ECA /* KingfisherSwiftUI */ = {
			isa = XCSwiftPackageProductDependency;
			package = 58B28ECF2577424700092ECA /* XCRemoteSwiftPackageReference "Kingfisher" */;
			productName = KingfisherSwiftUI;
		};
		58B28ED22577424700092ECA /* Kingfisher */ = {
			isa = XCSwiftPackageProductDependency;
			package = 58B28ECF2577424700092ECA /* XCRemoteSwiftPackageReference "Kingfisher" */;
			productName = Kingfisher;
		};
/* End XCSwiftPackageProductDependency section */
	};
	rootObject = 58B28E812577409300092ECA /* Project object */;
}
